
Microsoft Visual Studio Solution File, Format Version 12.00
# Visual Studio Version 17
VisualStudioVersion = 17.1.32407.343
MinimumVisualStudioVersion = 10.0.40219.1
Project("{FAE04EC0-301F-11D3-BF4B-00C04F79EFBC}") = "FinalJob", "FinalJob\FinalJob.csproj", "{4645F7F3-38C1-43DC-9246-9F3092B3E0DA}"
EndProject
Global
	GlobalSection(SolutionConfigurationPlatforms) = preSolution
		Debug|Any CPU = Debug|Any CPU
		Release|Any CPU = Release|Any CPU
	EndGlobalSection
	GlobalSection(ProjectConfigurationPlatforms) = postSolution
		{4645F7F3-38C1-43DC-9246-9F3092B3E0DA}.Debug|Any CPU.ActiveCfg = Debug|Any CPU
		{4645F7F3-38C1-43DC-9246-9F3092B3E0DA}.Debug|Any CPU.Build.0 = Debug|Any CPU
		{4645F7F3-38C1-43DC-9246-9F3092B3E0DA}.Release|Any CPU.ActiveCfg = Release|Any CPU
		{4645F7F3-38C1-43DC-9246-9F3092B3E0DA}.Release|Any CPU.Build.0 = Release|Any CPU
	EndGlobalSection
	GlobalSection(SolutionProperties) = preSolution
		HideSolutionNode = FALSE
	EndGlobalSection
	GlobalSection(ExtensibilityGlobals) = postSolution
		SolutionGuid = {91A5B45C-DD9D-40FB-9574-B6D72590B210}
	EndGlobalSection
EndGlobal
